Microsoft Visual Studio Solution File, Format Version 12.00
# Visual Studio Version 17
VisualStudioVersion = 17.5.2.0
MinimumVisualStudioVersion = 10.0.40219.1
Project("{2150E333-8FDC-42A3-9474-1A3956D46DE8}") = "domain-pod-management", "domain-pod-management", "{FD6F73FE-019A-E8F2-1382-677849C16843}"
EndProject
Project("{2150E333-8FDC-42A3-9474-1A3956D46DE8}") = "backend", "backend", "{D5BC729F-39B2-E003-B831-31B9B7755E60}"
EndProject
Project("{FAE04EC0-301F-11D3-BF4B-00C04F79EFBC}") = "DomainPodAPI", "domain-pod-management\backend\DomainPodAPI.csproj", "{759B2C0F-C6A4-B425-D2EF-FD2E0697A4C2}"
EndProject
Global
	GlobalSection(SolutionConfigurationPlatforms) = preSolution
		Debug|Any CPU = Debug|Any CPU
		Release|Any CPU = Release|Any CPU
	EndGlobalSection
	GlobalSection(ProjectConfigurationPlatforms) = postSolution
		{759B2C0F-C6A4-B425-D2EF-FD2E0697A4C2}.Debug|Any CPU.ActiveCfg = Debug|Any CPU
		{759B2C0F-C6A4-B425-D2EF-FD2E0697A4C2}.Debug|Any CPU.Build.0 = Debug|Any CPU
		{759B2C0F-C6A4-B425-D2EF-FD2E0697A4C2}.Release|Any CPU.ActiveCfg = Release|Any CPU
		{759B2C0F-C6A4-B425-D2EF-FD2E0697A4C2}.Release|Any CPU.Build.0 = Release|Any CPU
	EndGlobalSection
	GlobalSection(SolutionProperties) = preSolution
		HideSolutionNode = FALSE
	EndGlobalSection
	GlobalSection(NestedProjects) = preSolution
		{D5BC729F-39B2-E003-B831-31B9B7755E60} = {FD6F73FE-019A-E8F2-1382-677849C16843}
		{759B2C0F-C6A4-B425-D2EF-FD2E0697A4C2} = {D5BC729F-39B2-E003-B831-31B9B7755E60}
	EndGlobalSection
	GlobalSection(ExtensibilityGlobals) = postSolution
		SolutionGuid = {BF4AAAD0-FC06-4D05-9F16-433DB63BA3D9}
	EndGlobalSection
EndGlobal
